// !$*UTF8*$!
{
	archiveVersion = 1;
	classes = {
	};
	objectVersion = 48;
	objects = {

/* Begin PBXBuildFile section */
		5A0DB7CA20187347000E9922 /* DetailsViewController.m in Sources */ = {isa = PBXBuildFile; fileRef = 5A0DB7C820187347000E9922 /* DetailsViewController.m */; };
		5A0DB7CB20187347000E9922 /* DetailsViewController.xib in Resources */ = {isa = PBXBuildFile; fileRef = 5A0DB7C920187347000E9922 /* DetailsViewController.xib */; };
		5A0F5B9A2021C2F1002E98A0 /* CoreBluetooth.framework in Frameworks */ = {isa = PBXBuildFile; fileRef = 5A0F5B992021C2F1002E98A0 /* CoreBluetooth.framework */; };
		5A0F5B9D2021C828002E98A0 /* JNKeychain.m in Sources */ = {isa = PBXBuildFile; fileRef = 5A0F5B9B2021C827002E98A0 /* JNKeychain.m */; };
		5A3CADF22011C2E400794FE7 /* AppDelegate.m in Sources */ = {isa = PBXBuildFile; fileRef = 5A3CADF12011C2E400794FE7 /* AppDelegate.m */; };
		5A3CADF52011C2E400794FE7 /* ViewController.m in Sources */ = {isa = PBXBuildFile; fileRef = 5A3CADF42011C2E400794FE7 /* ViewController.m */; };
		5A3CADF82011C2E400794FE7 /* Main.storyboard in Resources */ = {isa = PBXBuildFile; fileRef = 5A3CADF62011C2E400794FE7 /* Main.storyboard */; };
		5A3CADFB2011C2E400794FE7 /* Bluethooth.xcdatamodeld in Sources */ = {isa = PBXBuildFile; fileRef = 5A3CADF92011C2E400794FE7 /* Bluethooth.xcdatamodeld */; };
		5A3CADFD2011C2E400794FE7 /* Assets.xcassets in Resources */ = {isa = PBXBuildFile; fileRef = 5A3CADFC2011C2E400794FE7 /* Assets.xcassets */; };
		5A3CAE002011C2E400794FE7 /* LaunchScreen.storyboard in Resources */ = {isa = PBXBuildFile; fileRef = 5A3CADFE2011C2E400794FE7 /* LaunchScreen.storyboard */; };
		5A3CAE032011C2E400794FE7 /* main.m in Sources */ = {isa = PBXBuildFile; fileRef = 5A3CAE022011C2E400794FE7 /* main.m */; };
		5A3CAE162011E24F00794FE7 /* DeviceInformationViewController.m in Sources */ = {isa = PBXBuildFile; fileRef = 5A3CAE142011E24F00794FE7 /* DeviceInformationViewController.m */; };
		5A3CAE172011E24F00794FE7 /* DeviceInformationViewController.xib in Resources */ = {isa = PBXBuildFile; fileRef = 5A3CAE152011E24F00794FE7 /* DeviceInformationViewController.xib */; };
		5A3CAE1A2011E8BA00794FE7 /* ic_back@2x.png in Resources */ = {isa = PBXBuildFile; fileRef = 5A3CAE192011E8BA00794FE7 /* ic_back@2x.png */; };
		5A3CAE1C2011E8C800794FE7 /* logo@2x.png in Resources */ = {isa = PBXBuildFile; fileRef = 5A3CAE1B2011E8C800794FE7 /* logo@2x.png */; };
		5A820BE02026B5A000DB0AE1 /* BluetoothDeviceCell.m in Sources */ = {isa = PBXBuildFile; fileRef = 5A820BDE2026B5A000DB0AE1 /* BluetoothDeviceCell.m */; };
		5A820BE12026B5A000DB0AE1 /* BluetoothDeviceCell.xib in Resources */ = {isa = PBXBuildFile; fileRef = 5A820BDF2026B5A000DB0AE1 /* BluetoothDeviceCell.xib */; };
/* End PBXBuildFile section */

/* Begin PBXFileReference section */
		5A0DB7C720187347000E9922 /* DetailsViewController.h */ = {isa = PBXFileReference; lastKnownFileType = sourcecode.c.h; path = DetailsViewController.h; sourceTree = "<group>"; };
		5A0DB7C820187347000E9922 /* DetailsViewController.m */ = {isa = PBXFileReference; lastKnownFileType = sourcecode.c.objc; path = DetailsViewController.m; sourceTree = "<group>"; };
		5A0DB7C920187347000E9922 /* DetailsViewController.xib */ = {isa = PBXFileReference; lastKnownFileType = file.xib; path = DetailsViewController.xib; sourceTree = "<group>"; };
		5A0F5B992021C2F1002E98A0 /* CoreBluetooth.framework */ = {isa = PBXFileReference; lastKnownFileType = wrapper.framework; name = CoreBluetooth.framework; path = System/Library/Frameworks/CoreBluetooth.framework; sourceTree = SDKROOT; };
		5A0F5B9B2021C827002E98A0 /* JNKeychain.m */ = {isa = PBXFileReference; fileEncoding = 4; lastKnownFileType = sourcecode.c.objc; path = JNKeychain.m; sourceTree = "<group>"; };
		5A0F5B9C2021C828002E98A0 /* JNKeychain.h */ = {isa = PBXFileReference; fileEncoding = 4; lastKnownFileType = sourcecode.c.h; path = JNKeychain.h; sourceTree = "<group>"; };
		5A3CADED2011C2E400794FE7 /* Bluethooth.app */ = {isa = PBXFileReference; explicitFileType = wrapper.application; includeInIndex = 0; path = Bluethooth.app; sourceTree = BUILT_PRODUCTS_DIR; };
		5A3CADF02011C2E400794FE7 /* AppDelegate.h */ = {isa = PBXFileReference; lastKnownFileType = sourcecode.c.h; path = AppDelegate.h; sourceTree = "<group>"; };
		5A3CADF12011C2E400794FE7 /* AppDelegate.m */ = {isa = PBXFileReference; lastKnownFileType = sourcecode.c.objc; path = AppDelegate.m; sourceTree = "<group>"; };
		5A3CADF32011C2E400794FE7 /* ViewController.h */ = {isa = PBXFileReference; lastKnownFileType = sourcecode.c.h; path = ViewController.h; sourceTree = "<group>"; };
		5A3CADF42011C2E400794FE7 /* ViewController.m */ = {isa = PBXFileReference; lastKnownFileType = sourcecode.c.objc; path = ViewController.m; sourceTree = "<group>"; };
		5A3CADF72011C2E400794FE7 /* Base */ = {isa = PBXFileReference; lastKnownFileType = file.storyboard; name = Base; path = Base.lproj/Main.storyboard; sourceTree = "<group>"; };
		5A3CADFA2011C2E400794FE7 /* Bluethooth.xcdatamodel */ = {isa = PBXFileReference; lastKnownFileType = wrapper.xcdatamodel; path = Bluethooth.xcdatamodel; sourceTree = "<group>"; };
		5A3CADFC2011C2E400794FE7 /* Assets.xcassets */ = {isa = PBXFileReference; lastKnownFileType = folder.assetcatalog; path = Assets.xcassets; sourceTree = "<group>"; };
		5A3CADFF2011C2E400794FE7 /* Base */ = {isa = PBXFileReference; lastKnownFileType = file.storyboard; name = Base; path = Base.lproj/LaunchScreen.storyboard; sourceTree = "<group>"; };
		5A3CAE012011C2E400794FE7 /* Info.plist */ = {isa = PBXFileReference; lastKnownFileType = text.plist.xml; path = Info.plist; sourceTree = "<group>"; };
		5A3CAE022011C2E400794FE7 /* main.m */ = {isa = PBXFileReference; lastKnownFileType = sourcecode.c.objc; path = main.m; sourceTree = "<group>"; };
		5A3CAE132011E24F00794FE7 /* DeviceInformationViewController.h */ = {isa = PBXFileReference; lastKnownFileType = sourcecode.c.h; path = DeviceInformationViewController.h; sourceTree = "<group>"; };
		5A3CAE142011E24F00794FE7 /* DeviceInformationViewController.m */ = {isa = PBXFileReference; lastKnownFileType = sourcecode.c.objc; path = DeviceInformationViewController.m; sourceTree = "<group>"; };
		5A3CAE152011E24F00794FE7 /* DeviceInformationViewController.xib */ = {isa = PBXFileReference; lastKnownFileType = file.xib; path = DeviceInformationViewController.xib; sourceTree = "<group>"; };
		5A3CAE192011E8BA00794FE7 /* ic_back@2x.png */ = {isa = PBXFileReference; lastKnownFileType = image.png; path = "ic_back@2x.png"; sourceTree = "<group>"; };
		5A3CAE1B2011E8C800794FE7 /* logo@2x.png */ = {isa = PBXFileReference; lastKnownFileType = image.png; path = "logo@2x.png"; sourceTree = "<group>"; };
		5A820BDD2026B5A000DB0AE1 /* BluetoothDeviceCell.h */ = {isa = PBXFileReference; lastKnownFileType = sourcecode.c.h; path = BluetoothDeviceCell.h; sourceTree = "<group>"; };
		5A820BDE2026B5A000DB0AE1 /* BluetoothDeviceCell.m */ = {isa = PBXFileReference; lastKnownFileType = sourcecode.c.objc; path = BluetoothDeviceCell.m; sourceTree = "<group>"; };
		5A820BDF2026B5A000DB0AE1 /* BluetoothDeviceCell.xib */ = {isa = PBXFileReference; lastKnownFileType = file.xib; path = BluetoothDeviceCell.xib; sourceTree = "<group>"; };
		5AB5A21120231B2C00126662 /* BluetoothManager.h */ = {isa = PBXFileReference; lastKnownFileType = sourcecode.c.h; path = BluetoothManager.h; sourceTree = "<group>"; };
		5AB5A21220231B2D00126662 /* BluetoothDevice.h */ = {isa = PBXFileReference; lastKnownFileType = sourcecode.c.h; path = BluetoothDevice.h; sourceTree = "<group>"; };
/* End PBXFileReference section */

/* Begin PBXFrameworksBuildPhase section */
		5A3CADEA2011C2E400794FE7 /* Frameworks */ = {
			isa = PBXFrameworksBuildPhase;
			buildActionMask = 2147483647;
			files = (
				5A0F5B9A2021C2F1002E98A0 /* CoreBluetooth.framework in Frameworks */,
			);
			runOnlyForDeploymentPostprocessing = 0;
		};
/* End PBXFrameworksBuildPhase section */

/* Begin PBXGroup section */
		5A0DB7C6201872F6000E9922 /* Detail Info Page */ = {
			isa = PBXGroup;
			children = (
				5A0DB7C720187347000E9922 /* DetailsViewController.h */,
				5A0DB7C820187347000E9922 /* DetailsViewController.m */,
				5A0DB7C920187347000E9922 /* DetailsViewController.xib */,
			);
			path = "Detail Info Page";
			sourceTree = "<group>";
		};
		5A0F5B982021C2F0002E98A0 /* Frameworks */ = {
			isa = PBXGroup;
			children = (
				5A0F5B992021C2F1002E98A0 /* CoreBluetooth.framework */,
			);
			name = Frameworks;
			sourceTree = "<group>";
		};
		5A3CADE42011C2E400794FE7 = {
			isa = PBXGroup;
			children = (
				5A3CADEF2011C2E400794FE7 /* Bluethooth */,
				5A3CADEE2011C2E400794FE7 /* Products */,
				5A0F5B982021C2F0002E98A0 /* Frameworks */,
			);
			sourceTree = "<group>";
		};
		5A3CADEE2011C2E400794FE7 /* Products */ = {
			isa = PBXGroup;
			children = (
				5A3CADED2011C2E400794FE7 /* Bluethooth.app */,
			);
			name = Products;
			sourceTree = "<group>";
		};
		5A3CADEF2011C2E400794FE7 /* Bluethooth */ = {
			isa = PBXGroup;
			children = (
				5A820BDC2026B56500DB0AE1 /* Cell */,
				5AB5A21220231B2D00126662 /* BluetoothDevice.h */,
				5AB5A21120231B2C00126662 /* BluetoothManager.h */,
				5A0F5B9C2021C828002E98A0 /* JNKeychain.h */,
				5A0F5B9B2021C827002E98A0 /* JNKeychain.m */,
				5A0DB7C6201872F6000E9922 /* Detail Info Page */,
				5A3CAE182011E8B100794FE7 /* image */,
				5A3CAE122011E1C000794FE7 /* Details Page */,
				5A3CADF02011C2E400794FE7 /* AppDelegate.h */,
				5A3CADF12011C2E400794FE7 /* AppDelegate.m */,
				5A3CADF32011C2E400794FE7 /* ViewController.h */,
				5A3CADF42011C2E400794FE7 /* ViewController.m */,
				5A3CADF62011C2E400794FE7 /* Main.storyboard */,
				5A3CADFC2011C2E400794FE7 /* Assets.xcassets */,
				5A3CADFE2011C2E400794FE7 /* LaunchScreen.storyboard */,
				5A3CAE012011C2E400794FE7 /* Info.plist */,
				5A3CAE022011C2E400794FE7 /* main.m */,
				5A3CADF92011C2E400794FE7 /* Bluethooth.xcdatamodeld */,
			);
			path = Bluethooth;
			sourceTree = "<group>";
		};
		5A3CAE122011E1C000794FE7 /* Details Page */ = {
			isa = PBXGroup;
			children = (
				5A3CAE132011E24F00794FE7 /* DeviceInformationViewController.h */,
				5A3CAE142011E24F00794FE7 /* DeviceInformationViewController.m */,
				5A3CAE152011E24F00794FE7 /* DeviceInformationViewController.xib */,
			);
			path = "Details Page";
			sourceTree = "<group>";
		};
		5A3CAE182011E8B100794FE7 /* image */ = {
			isa = PBXGroup;
			children = (
				5A3CAE1B2011E8C800794FE7 /* logo@2x.png */,
				5A3CAE192011E8BA00794FE7 /* ic_back@2x.png */,
			);
			path = image;
			sourceTree = "<group>";
		};
		5A820BDC2026B56500DB0AE1 /* Cell */ = {
			isa = PBXGroup;
			children = (
				5A820BDD2026B5A000DB0AE1 /* BluetoothDeviceCell.h */,
				5A820BDE2026B5A000DB0AE1 /* BluetoothDeviceCell.m */,
				5A820BDF2026B5A000DB0AE1 /* BluetoothDeviceCell.xib */,
			);
			path = Cell;
			sourceTree = "<group>";
		};
/* End PBXGroup section */

/* Begin PBXNativeTarget section */
		5A3CADEC2011C2E400794FE7 /* Bluethooth */ = {
			isa = PBXNativeTarget;
			buildConfigurationList = 5A3CAE062011C2E400794FE7 /* Build configuration list for PBXNativeTarget "Bluethooth" */;
			buildPhases = (
				5A3CADE92011C2E400794FE7 /* Sources */,
				5A3CADEA2011C2E400794FE7 /* Frameworks */,
				5A3CADEB2011C2E400794FE7 /* Resources */,
			);
			buildRules = (
			);
			dependencies = (
			);
			name = Bluethooth;
			productName = Bluethooth;
			productReference = 5A3CADED2011C2E400794FE7 /* Bluethooth.app */;
			productType = "com.apple.product-type.application";
		};
/* End PBXNativeTarget section */

/* Begin PBXProject section */
		5A3CADE52011C2E400794FE7 /* Project object */ = {
			isa = PBXProject;
			attributes = {
				LastUpgradeCheck = 0920;
				ORGANIZATIONNAME = chitra;
				TargetAttributes = {
					5A3CADEC2011C2E400794FE7 = {
						CreatedOnToolsVersion = 9.2;
						ProvisioningStyle = Automatic;
					};
				};
			};
			buildConfigurationList = 5A3CADE82011C2E400794FE7 /* Build configuration list for PBXProject "Bluethooth" */;
			compatibilityVersion = "Xcode 8.0";
			developmentRegion = en;
			hasScannedForEncodings = 0;
			knownRegions = (
				en,
				Base,
			);
			mainGroup = 5A3CADE42011C2E400794FE7;
			productRefGroup = 5A3CADEE2011C2E400794FE7 /* Products */;
			projectDirPath = "";
			projectRoot = "";
			targets = (
				5A3CADEC2011C2E400794FE7 /* Bluethooth */,
			);
		};
/* End PBXProject section */

/* Begin PBXResourcesBuildPhase section */
		5A3CADEB2011C2E400794FE7 /* Resources */ = {
			isa = PBXResourcesBuildPhase;
			buildActionMask = 2147483647;
			files = (
				5A0DB7CB20187347000E9922 /* DetailsViewController.xib in Resources */,
				5A3CAE002011C2E400794FE7 /* LaunchScreen.storyboard in Resources */,
				5A3CAE1C2011E8C800794FE7 /* logo@2x.png in Resources */,
				5A3CAE172011E24F00794FE7 /* DeviceInformationViewController.xib in Resources */,
				5A3CADFD2011C2E400794FE7 /* Assets.xcassets in Resources */,
				5A3CAE1A2011E8BA00794FE7 /* ic_back@2x.png in Resources */,
				5A820BE12026B5A000DB0AE1 /* BluetoothDeviceCell.xib in Resources */,
				5A3CADF82011C2E400794FE7 /* Main.storyboard in Resources */,
			);
			runOnlyForDeploymentPostprocessing = 0;
		};
/* End PBXResourcesBuildPhase section */

/* Begin PBXSourcesBuildPhase section */
		5A3CADE92011C2E400794FE7 /* Sources */ = {
			isa = PBXSourcesBuildPhase;
			buildActionMask = 2147483647;
			files = (
				5A3CAE162011E24F00794FE7 /* DeviceInformationViewController.m in Sources */,
				5A0F5B9D2021C828002E98A0 /* JNKeychain.m in Sources */,
				5A3CADFB2011C2E400794FE7 /* Bluethooth.xcdatamodeld in Sources */,
				5A3CADF52011C2E400794FE7 /* ViewController.m in Sources */,
				5A0DB7CA20187347000E9922 /* DetailsViewController.m in Sources */,
				5A3CAE032011C2E400794FE7 /* main.m in Sources */,
				5A820BE02026B5A000DB0AE1 /* BluetoothDeviceCell.m in Sources */,
				5A3CADF22011C2E400794FE7 /* AppDelegate.m in Sources */,
			);
			runOnlyForDeploymentPostprocessing = 0;
		};
/* End PBXSourcesBuildPhase section */

/* Begin PBXVariantGroup section */
		5A3CADF62011C2E400794FE7 /* Main.storyboard */ = {
			isa = PBXVariantGroup;
			children = (
				5A3CADF72011C2E400794FE7 /* Base */,
			);
			name = Main.storyboard;
			sourceTree = "<group>";
		};
		5A3CADFE2011C2E400794FE7 /* LaunchScreen.storyboard */ = {
			isa = PBXVariantGroup;
			children = (
				5A3CADFF2011C2E400794FE7 /* Base */,
			);
			name = LaunchScreen.storyboard;
			sourceTree = "<group>";
		};
/* End PBXVariantGroup section */

/* Begin XCBuildConfiguration section */
		5A3CAE042011C2E400794FE7 /* Debug */ = {
			isa = XCBuildConfiguration;
			buildSettings = {
				ALWAYS_SEARCH_USER_PATHS = NO;
				CLANG_ANALYZER_NONNULL = YES;
				CLANG_ANALYZER_NUMBER_OBJECT_CONVERSION = YES_AGGRESSIVE;
				CLANG_CXX_LANGUAGE_STANDARD = "gnu++14";
				CLANG_CXX_LIBRARY = "libc++";
				CLANG_ENABLE_MODULES = YES;
				CLANG_ENABLE_OBJC_ARC = YES;
				CLANG_WARN_BLOCK_CAPTURE_AUTORELEASING = YES;
				CLANG_WARN_BOOL_CONVERSION = YES;
				CLANG_WARN_COMMA = YES;
				CLANG_WARN_CONSTANT_CONVERSION = YES;
				CLANG_WARN_DIRECT_OBJC_ISA_USAGE = YES_ERROR;
				CLANG_WARN_DOCUMENTATION_COMMENTS = YES;
				CLANG_WARN_EMPTY_BODY = YES;
				CLANG_WARN_ENUM_CONVERSION = YES;
				CLANG_WARN_INFINITE_RECURSION = YES;
				CLANG_WARN_INT_CONVERSION = YES;
				CLANG_WARN_NON_LITERAL_NULL_CONVERSION = YES;
				CLANG_WARN_OBJC_LITERAL_CONVERSION = YES;
				CLANG_WARN_OBJC_ROOT_CLASS = YES_ERROR;
				CLANG_WARN_RANGE_LOOP_ANALYSIS = YES;
				CLANG_WARN_STRICT_PROTOTYPES = YES;
				CLANG_WARN_SUSPICIOUS_MOVE = YES;
				CLANG_WARN_UNGUARDED_AVAILABILITY = YES_AGGRESSIVE;
				CLANG_WARN_UNREACHABLE_CODE = YES;
				CLANG_WARN__DUPLICATE_METHOD_MATCH = YES;
				CODE_SIGN_IDENTITY = "iPhone Developer";
				COPY_PHASE_STRIP = NO;
				DEBUG_INFORMATION_FORMAT = dwarf;
				ENABLE_STRICT_OBJC_MSGSEND = YES;
				ENABLE_TESTABILITY = YES;
				GCC_C_LANGUAGE_STANDARD = gnu11;
				GCC_DYNAMIC_NO_PIC = NO;
				GCC_NO_COMMON_BLOCKS = YES;
				GCC_OPTIMIZATION_LEVEL = 0;
				GCC_PREPROCESSOR_DEFINITIONS = (
					"DEBUG=1",
					"$(inherited)",
				);
				GCC_WARN_64_TO_32_BIT_CONVERSION = YES;
				GCC_WARN_ABOUT_RETURN_TYPE = YES_ERROR;
				GCC_WARN_UNDECLARED_SELECTOR = YES;
				GCC_WARN_UNINITIALIZED_AUTOS = YES_AGGRESSIVE;
				GCC_WARN_UNUSED_FUNCTION = YES;
				GCC_WARN_UNUSED_VARIABLE = YES;
				IPHONEOS_DEPLOYMENT_TARGET = 11.2;
				MTL_ENABLE_DEBUG_INFO = YES;
				ONLY_ACTIVE_ARCH = YES;
				SDKROOT = iphoneos;
			};
			name = Debug;
		};
		5A3CAE052011C2E400794FE7 /* Release */ = {
			isa = XCBuildConfiguration;
			buildSettings = {
				ALWAYS_SEARCH_USER_PATHS = NO;
				CLANG_ANALYZER_NONNULL = YES;
				CLANG_ANALYZER_NUMBER_OBJECT_CONVERSION = YES_AGGRESSIVE;
				CLANG_CXX_LANGUAGE_STANDARD = "gnu++14";
				CLANG_CXX_LIBRARY = "libc++";
				CLANG_ENABLE_MODULES = YES;
				CLANG_ENABLE_OBJC_ARC = YES;
				CLANG_WARN_BLOCK_CAPTURE_AUTORELEASING = YES;
				CLANG_WARN_BOOL_CONVERSION = YES;
				CLANG_WARN_COMMA = YES;
				CLANG_WARN_CONSTANT_CONVERSION = YES;
				CLANG_WARN_DIRECT_OBJC_ISA_USAGE = YES_ERROR;
				CLANG_WARN_DOCUMENTATION_COMMENTS = YES;
				CLANG_WARN_EMPTY_BODY = YES;
				CLANG_WARN_ENUM_CONVERSION = YES;
				CLANG_WARN_INFINITE_RECURSION = YES;
				CLANG_WARN_INT_CONVERSION = YES;
				CLANG_WARN_NON_LITERAL_NULL_CONVERSION = YES;
				CLANG_WARN_OBJC_LITERAL_CONVERSION = YES;
				CLANG_WARN_OBJC_ROOT_CLASS = YES_ERROR;
				CLANG_WARN_RANGE_LOOP_ANALYSIS = YES;
				CLANG_WARN_STRICT_PROTOTYPES = YES;
				CLANG_WARN_SUSPICIOUS_MOVE = YES;
				CLANG_WARN_UNGUARDED_AVAILABILITY = YES_AGGRESSIVE;
				CLANG_WARN_UNREACHABLE_CODE = YES;
				CLANG_WARN__DUPLICATE_METHOD_MATCH = YES;
				CODE_SIGN_IDENTITY = "iPhone Developer";
				COPY_PHASE_STRIP = NO;
				DEBUG_INFORMATION_FORMAT = "dwarf-with-dsym";
				ENABLE_NS_ASSERTIONS = NO;
				ENABLE_STRICT_OBJC_MSGSEND = YES;
				GCC_C_LANGUAGE_STANDARD = gnu11;
				GCC_NO_COMMON_BLOCKS = YES;
				GCC_WARN_64_TO_32_BIT_CONVERSION = YES;
				GCC_WARN_ABOUT_RETURN_TYPE = YES_ERROR;
				GCC_WARN_UNDECLARED_SELECTOR = YES;
				GCC_WARN_UNINITIALIZED_AUTOS = YES_AGGRESSIVE;
				GCC_WARN_UNUSED_FUNCTION = YES;
				GCC_WARN_UNUSED_VARIABLE = YES;
				IPHONEOS_DEPLOYMENT_TARGET = 11.2;
				MTL_ENABLE_DEBUG_INFO = NO;
				SDKROOT = iphoneos;
				VALIDATE_PRODUCT = YES;
			};
			name = Release;
		};
		5A3CAE072011C2E400794FE7 /* Debug */ = {
			isa = XCBuildConfiguration;
			buildSettings = {
				ASSETCATALOG_COMPILER_APPICON_NAME = AppIcon;
				CODE_SIGN_STYLE = Automatic;
				DEVELOPMENT_TEAM = 7A9JA8PNZH;
				INFOPLIST_FILE = Bluethooth/Info.plist;
				LD_RUNPATH_SEARCH_PATHS = "$(inherited) @executable_path/Frameworks";
				PRODUCT_BUNDLE_IDENTIFIER = com.Bluethooth;
				PRODUCT_NAME = "$(TARGET_NAME)";
				TARGETED_DEVICE_FAMILY = "1,2";
			};
			name = Debug;
		};
		5A3CAE082011C2E400794FE7 /* Release */ = {
			isa = XCBuildConfiguration;
			buildSettings = {
				ASSETCATALOG_COMPILER_APPICON_NAME = AppIcon;
				CODE_SIGN_STYLE = Automatic;
				DEVELOPMENT_TEAM = 7A9JA8PNZH;
				INFOPLIST_FILE = Bluethooth/Info.plist;
				LD_RUNPATH_SEARCH_PATHS = "$(inherited) @executable_path/Frameworks";
				PRODUCT_BUNDLE_IDENTIFIER = com.Bluethooth;
				PRODUCT_NAME = "$(TARGET_NAME)";
				TARGETED_DEVICE_FAMILY = "1,2";
			};
			name = Release;
		};
/* End XCBuildConfiguration section */

/* Begin XCConfigurationList section */
		5A3CADE82011C2E400794FE7 /* Build configuration list for PBXProject "Bluethooth" */ = {
			isa = XCConfigurationList;
			buildConfigurations = (
				5A3CAE042011C2E400794FE7 /* Debug */,
				5A3CAE052011C2E400794FE7 /* Release */,
			);
			defaultConfigurationIsVisible = 0;
			defaultConfigurationName = Release;
		};
		5A3CAE062011C2E400794FE7 /* Build configuration list for PBXNativeTarget "Bluethooth" */ = {
			isa = XCConfigurationList;
			buildConfigurations = (
				5A3CAE072011C2E400794FE7 /* Debug */,
				5A3CAE082011C2E400794FE7 /* Release */,
			);
			defaultConfigurationIsVisible = 0;
			defaultConfigurationName = Release;
		};
/* End XCConfigurationList section */

/* Begin XCVersionGroup section */
		5A3CADF92011C2E400794FE7 /* Bluethooth.xcdatamodeld */ = {
			isa = XCVersionGroup;
			children = (
				5A3CADFA2011C2E400794FE7 /* Bluethooth.xcdatamodel */,
			);
			currentVersion = 5A3CADFA2011C2E400794FE7 /* Bluethooth.xcdatamodel */;
			path = Bluethooth.xcdatamodeld;
			sourceTree = "<group>";
			versionGroupType = wrapper.xcdatamodel;
		};
/* End XCVersionGroup section */
	};
	rootObject = 5A3CADE52011C2E400794FE7 /* Project object */;
}
